
Microsoft Visual Studio Solution File, Format Version 12.00
# Visual Studio 15
VisualStudioVersion = 15.0.28307.1800
MinimumVisualStudioVersion = 10.0.40219.1
Project("{FAE04EC0-301F-11D3-BF4B-00C04F79EFBC}") = "VotingApp", "VotingApp\VotingApp.csproj", "{E11FBF9E-5F2A-4299-A55D-27D8F399A1CD}"
EndProject
Project("{FAE04EC0-301F-11D3-BF4B-00C04F79EFBC}") = "Models", "ClassLibrary1\Models.csproj", "{4127DD27-41D1-4D62-845E-D8CA22FE1BE8}"
EndProject
Project("{FAE04EC0-301F-11D3-BF4B-00C04F79EFBC}") = "Commons", "Commons\Commons.csproj", "{E175625E-984B-4CAB-B76E-DE1AF5E788A9}"
EndProject
Project("{FAE04EC0-301F-11D3-BF4B-00C04F79EFBC}") = "Data", "Data\Data.csproj", "{6F3B010A-3C02-449D-A5D5-C37E0B1779E5}"
EndProject
Project("{FAE04EC0-301F-11D3-BF4B-00C04F79EFBC}") = "Core", "Core\Core.csproj", "{B344858F-324A-4CE9-9B6E-D5AB18614AE8}"
EndProject
Global
	GlobalSection(SolutionConfigurationPlatforms) = preSolution
		Debug|Any CPU = Debug|Any CPU
		Release|Any CPU = Release|Any CPU
	EndGlobalSection
	GlobalSection(ProjectConfigurationPlatforms) = postSolution
		{E11FBF9E-5F2A-4299-A55D-27D8F399A1CD}.Debug|Any CPU.ActiveCfg = Debug|Any CPU
		{E11FBF9E-5F2A-4299-A55D-27D8F399A1CD}.Debug|Any CPU.Build.0 = Debug|Any CPU
		{E11FBF9E-5F2A-4299-A55D-27D8F399A1CD}.Release|Any CPU.ActiveCfg = Release|Any CPU
		{E11FBF9E-5F2A-4299-A55D-27D8F399A1CD}.Release|Any CPU.Build.0 = Release|Any CPU
		{4127DD27-41D1-4D62-845E-D8CA22FE1BE8}.Debug|Any CPU.ActiveCfg = Debug|Any CPU
		{4127DD27-41D1-4D62-845E-D8CA22FE1BE8}.Debug|Any CPU.Build.0 = Debug|Any CPU
		{4127DD27-41D1-4D62-845E-D8CA22FE1BE8}.Release|Any CPU.ActiveCfg = Release|Any CPU
		{4127DD27-41D1-4D62-845E-D8CA22FE1BE8}.Release|Any CPU.Build.0 = Release|Any CPU
		{E175625E-984B-4CAB-B76E-DE1AF5E788A9}.Debug|Any CPU.ActiveCfg = Debug|Any CPU
		{E175625E-984B-4CAB-B76E-DE1AF5E788A9}.Debug|Any CPU.Build.0 = Debug|Any CPU
		{E175625E-984B-4CAB-B76E-DE1AF5E788A9}.Release|Any CPU.ActiveCfg = Release|Any CPU
		{E175625E-984B-4CAB-B76E-DE1AF5E788A9}.Release|Any CPU.Build.0 = Release|Any CPU
		{6F3B010A-3C02-449D-A5D5-C37E0B1779E5}.Debug|Any CPU.ActiveCfg = Debug|Any CPU
		{6F3B010A-3C02-449D-A5D5-C37E0B1779E5}.Debug|Any CPU.Build.0 = Debug|Any CPU
		{6F3B010A-3C02-449D-A5D5-C37E0B1779E5}.Release|Any CPU.ActiveCfg = Release|Any CPU
		{6F3B010A-3C02-449D-A5D5-C37E0B1779E5}.Release|Any CPU.Build.0 = Release|Any CPU
		{B344858F-324A-4CE9-9B6E-D5AB18614AE8}.Debug|Any CPU.ActiveCfg = Debug|Any CPU
		{B344858F-324A-4CE9-9B6E-D5AB18614AE8}.Debug|Any CPU.Build.0 = Debug|Any CPU
		{B344858F-324A-4CE9-9B6E-D5AB18614AE8}.Release|Any CPU.ActiveCfg = Release|Any CPU
		{B344858F-324A-4CE9-9B6E-D5AB18614AE8}.Release|Any CPU.Build.0 = Release|Any CPU
	EndGlobalSection
	GlobalSection(SolutionProperties) = preSolution
		HideSolutionNode = FALSE
	EndGlobalSection
	GlobalSection(ExtensibilityGlobals) = postSolution
		SolutionGuid = {E3E384FA-8FD7-4C15-AA11-2196C53A20B2}
	EndGlobalSection
EndGlobal
